
Microsoft Visual Studio Solution File, Format Version 12.00
# Visual Studio Version 17
VisualStudioVersion = 17.2.32616.157
MinimumVisualStudioVersion = 10.0.40219.1
Project("{9A19103F-16F7-4668-BE54-9A1E7A4F7556}") = "Login", "Login\Login.csproj", "{CF6F44D9-B469-4F5D-82EB-B03DD9116761}"
EndProject
Project("{9A19103F-16F7-4668-BE54-9A1E7A4F7556}") = "Dashboard.SocialMediaInfo", "Dashboard.SocialMediaInfo\Dashboard.SocialMediaInfo.csproj", "{A0010AAF-61D6-45F8-91D7-02DA037F135F}"
EndProject
Project("{9A19103F-16F7-4668-BE54-9A1E7A4F7556}") = "Dashboard.WalletPayment", "Dashboard.WalletPayment\Dashboard.WalletPayment.csproj", "{EB9F0CF0-E7D9-4C81-B862-1C23F1AD9F8A}"
EndProject
Project("{9A19103F-16F7-4668-BE54-9A1E7A4F7556}") = "CalendarApp", "CalendarApp\CalendarApp.csproj", "{C0DCF544-2F5E-4681-BC89-1A9C7430D89B}"
EndProject
Project("{9A19103F-16F7-4668-BE54-9A1E7A4F7556}") = "ResponsiveInstagramApp", "ResponsiveInstagramApp\ResponsiveInstagramApp.csproj", "{822D2DED-B6C2-431B-8F20-6578E0E1FE0F}"
EndProject
Project("{9A19103F-16F7-4668-BE54-9A1E7A4F7556}") = "WeatherApp", "WeatherApp\WeatherApp.csproj", "{3889A6D8-2104-4ED9-93E2-58B2903AA01D}"
EndProject
Project("{9A19103F-16F7-4668-BE54-9A1E7A4F7556}") = "RegistraionPage", "RegistraionPage\RegistraionPage.csproj", "{0B4CAE14-A888-4031-817A-B4E925496DBC}"
EndProject
Project("{9A19103F-16F7-4668-BE54-9A1E7A4F7556}") = "FlatShoppingCart", "FlatShoppingCart\FlatShoppingCart.csproj", "{43455496-9188-44ED-ACB4-1A4416013E45}"
EndProject
Project("{9A19103F-16F7-4668-BE54-9A1E7A4F7556}") = "AdminPanel", "AdminPanel\AdminPanel.csproj", "{C52C2BEC-7661-46C1-8F54-08E584A37B3A}"
EndProject
Project("{9A19103F-16F7-4668-BE54-9A1E7A4F7556}") = "FlatSkillDashboard", "FlatSkillDashboard\FlatSkillDashboard.csproj", "{A3FEF68B-C2C0-415B-81BF-89B91888A4A3}"
EndProject
Project("{9A19103F-16F7-4668-BE54-9A1E7A4F7556}") = "SmartHomeApp", "SmartHomeApp\SmartHomeApp.csproj", "{E8E3074D-05AE-4704-A7AC-4DABA4C0C0BB}"
EndProject
Project("{9A19103F-16F7-4668-BE54-9A1E7A4F7556}") = "SingUpFrombyMaterialDesignToolkit", "SingUpFrombyMaterialDesignlToolkit\SingUpFrombyMaterialDesignToolkit.csproj", "{9FB590AF-6E49-493A-A4C7-D43134DBE0B9}"
EndProject
Project("{9A19103F-16F7-4668-BE54-9A1E7A4F7556}") = "ChatMessageApp", "ChatMessageApp\ChatMessageApp.csproj", "{28B6EFC8-AE5E-479F-AA53-E908B058CDD6}"
EndProject
Project("{9A19103F-16F7-4668-BE54-9A1E7A4F7556}") = "Dashboard.Recruitment", "Dashboard.Recruitment\Dashboard.Recruitment.csproj", "{D657834A-0909-4E86-95A2-BDC9E24D7860}"
EndProject
Project("{9A19103F-16F7-4668-BE54-9A1E7A4F7556}") = "Dashborad.InputForm", "Dashborad.InputForm\Dashborad.InputForm.csproj", "{660AA8B9-2619-4C80-8594-70835F5B5525}"
EndProject
Project("{9A19103F-16F7-4668-BE54-9A1E7A4F7556}") = "Dashboard.FlatSales", "Dashboard.FlatSales\Dashboard.FlatSales.csproj", "{16DBEB78-DF41-47B7-8187-8C6A280DD000}"
EndProject
Project("{9A19103F-16F7-4668-BE54-9A1E7A4F7556}") = "Dashboard.FlatDataTable", "Dashboard.FlatDataTable\Dashboard.FlatDataTable.csproj", "{F3CAFBB5-A267-40C6-A8F7-5ECF794E4820}"
EndProject
Project("{9A19103F-16F7-4668-BE54-9A1E7A4F7556}") = "TVSettingsApp", "TVSettingsApp\TVSettingsApp.csproj", "{C7E03F3C-7BCA-4C4E-8FE0-C57A177B4345}"
EndProject
Project("{9A19103F-16F7-4668-BE54-9A1E7A4F7556}") = "MusicPlayerApp", "MusicPlayerApp\MusicPlayerApp.csproj", "{1169B592-F1B6-4F4B-AB2D-32BC94D5C8E8}"
EndProject
Project("{9A19103F-16F7-4668-BE54-9A1E7A4F7556}") = "Dashboard.FitnessApp", "Dashboard.FitnessApp\Dashboard.FitnessApp.csproj", "{2DE1C616-2093-45DD-B6A9-036BDE53BDB7}"
EndProject
Project("{9A19103F-16F7-4668-BE54-9A1E7A4F7556}") = "NavigationSidebarMenu", "NavigationSidebarMenu\NavigationSidebarMenu.csproj", "{281E751D-BF4C-4D61-8B65-5C6BC927345E}"
EndProject
Project("{9A19103F-16F7-4668-BE54-9A1E7A4F7556}") = "HamburgerMenu", "HamburgerMenu\HamburgerMenu.csproj", "{E8832213-E614-4749-9A39-B20A1612A7C5}"
EndProject
Project("{2150E333-8FDC-42A3-9474-1A3956D46DE8}") = "Dashboards", "Dashboards", "{3FD0457F-1D5E-47D9-BE18-B6A001A5EF94}"
EndProject
Project("{2150E333-8FDC-42A3-9474-1A3956D46DE8}") = "SupportPanels", "SupportPanels", "{7FDA9F43-F32E-4548-8419-95608E97FC54}"
EndProject
Project("{2150E333-8FDC-42A3-9474-1A3956D46DE8}") = "MicroApps", "MicroApps", "{97E05380-7DBB-493B-983C-61BD47E41962}"
EndProject
Project("{FAE04EC0-301F-11D3-BF4B-00C04F79EFBC}") = "MenuWithSubMenu", "MenuWithSubMenu\MenuWithSubMenu.csproj", "{FF14EC38-292A-422C-9058-995826F039F3}"
EndProject
Global
	GlobalSection(SolutionConfigurationPlatforms) = preSolution
		Debug|Any CPU = Debug|Any CPU
		Release|Any CPU = Release|Any CPU
	EndGlobalSection
	GlobalSection(ProjectConfigurationPlatforms) = postSolution
		{CF6F44D9-B469-4F5D-82EB-B03DD9116761}.Debug|Any CPU.ActiveCfg = Debug|Any CPU
		{CF6F44D9-B469-4F5D-82EB-B03DD9116761}.Debug|Any CPU.Build.0 = Debug|Any CPU
		{CF6F44D9-B469-4F5D-82EB-B03DD9116761}.Release|Any CPU.ActiveCfg = Release|Any CPU
		{CF6F44D9-B469-4F5D-82EB-B03DD9116761}.Release|Any CPU.Build.0 = Release|Any CPU
		{A0010AAF-61D6-45F8-91D7-02DA037F135F}.Debug|Any CPU.ActiveCfg = Debug|Any CPU
		{A0010AAF-61D6-45F8-91D7-02DA037F135F}.Debug|Any CPU.Build.0 = Debug|Any CPU
		{A0010AAF-61D6-45F8-91D7-02DA037F135F}.Release|Any CPU.ActiveCfg = Release|Any CPU
		{A0010AAF-61D6-45F8-91D7-02DA037F135F}.Release|Any CPU.Build.0 = Release|Any CPU
		{EB9F0CF0-E7D9-4C81-B862-1C23F1AD9F8A}.Debug|Any CPU.ActiveCfg = Debug|Any CPU
		{EB9F0CF0-E7D9-4C81-B862-1C23F1AD9F8A}.Debug|Any CPU.Build.0 = Debug|Any CPU
		{EB9F0CF0-E7D9-4C81-B862-1C23F1AD9F8A}.Release|Any CPU.ActiveCfg = Release|Any CPU
		{EB9F0CF0-E7D9-4C81-B862-1C23F1AD9F8A}.Release|Any CPU.Build.0 = Release|Any CPU
		{C0DCF544-2F5E-4681-BC89-1A9C7430D89B}.Debug|Any CPU.ActiveCfg = Debug|Any CPU
		{C0DCF544-2F5E-4681-BC89-1A9C7430D89B}.Debug|Any CPU.Build.0 = Debug|Any CPU
		{C0DCF544-2F5E-4681-BC89-1A9C7430D89B}.Release|Any CPU.ActiveCfg = Release|Any CPU
		{C0DCF544-2F5E-4681-BC89-1A9C7430D89B}.Release|Any CPU.Build.0 = Release|Any CPU
		{822D2DED-B6C2-431B-8F20-6578E0E1FE0F}.Debug|Any CPU.ActiveCfg = Debug|Any CPU
		{822D2DED-B6C2-431B-8F20-6578E0E1FE0F}.Debug|Any CPU.Build.0 = Debug|Any CPU
		{822D2DED-B6C2-431B-8F20-6578E0E1FE0F}.Release|Any CPU.ActiveCfg = Release|Any CPU
		{822D2DED-B6C2-431B-8F20-6578E0E1FE0F}.Release|Any CPU.Build.0 = Release|Any CPU
		{3889A6D8-2104-4ED9-93E2-58B2903AA01D}.Debug|Any CPU.ActiveCfg = Debug|Any CPU
		{3889A6D8-2104-4ED9-93E2-58B2903AA01D}.Debug|Any CPU.Build.0 = Debug|Any CPU
		{3889A6D8-2104-4ED9-93E2-58B2903AA01D}.Release|Any CPU.ActiveCfg = Release|Any CPU
		{3889A6D8-2104-4ED9-93E2-58B2903AA01D}.Release|Any CPU.Build.0 = Release|Any CPU
		{0B4CAE14-A888-4031-817A-B4E925496DBC}.Debug|Any CPU.ActiveCfg = Debug|Any CPU
		{0B4CAE14-A888-4031-817A-B4E925496DBC}.Debug|Any CPU.Build.0 = Debug|Any CPU
		{0B4CAE14-A888-4031-817A-B4E925496DBC}.Release|Any CPU.ActiveCfg = Release|Any CPU
		{0B4CAE14-A888-4031-817A-B4E925496DBC}.Release|Any CPU.Build.0 = Release|Any CPU
		{43455496-9188-44ED-ACB4-1A4416013E45}.Debug|Any CPU.ActiveCfg = Debug|Any CPU
		{43455496-9188-44ED-ACB4-1A4416013E45}.Debug|Any CPU.Build.0 = Debug|Any CPU
		{43455496-9188-44ED-ACB4-1A4416013E45}.Release|Any CPU.ActiveCfg = Release|Any CPU
		{43455496-9188-44ED-ACB4-1A4416013E45}.Release|Any CPU.Build.0 = Release|Any CPU
		{C52C2BEC-7661-46C1-8F54-08E584A37B3A}.Debug|Any CPU.ActiveCfg = Debug|Any CPU
		{C52C2BEC-7661-46C1-8F54-08E584A37B3A}.Debug|Any CPU.Build.0 = Debug|Any CPU
		{C52C2BEC-7661-46C1-8F54-08E584A37B3A}.Release|Any CPU.ActiveCfg = Release|Any CPU
		{C52C2BEC-7661-46C1-8F54-08E584A37B3A}.Release|Any CPU.Build.0 = Release|Any CPU
		{A3FEF68B-C2C0-415B-81BF-89B91888A4A3}.Debug|Any CPU.ActiveCfg = Debug|Any CPU
		{A3FEF68B-C2C0-415B-81BF-89B91888A4A3}.Debug|Any CPU.Build.0 = Debug|Any CPU
		{A3FEF68B-C2C0-415B-81BF-89B91888A4A3}.Release|Any CPU.ActiveCfg = Release|Any CPU
		{A3FEF68B-C2C0-415B-81BF-89B91888A4A3}.Release|Any CPU.Build.0 = Release|Any CPU
		{E8E3074D-05AE-4704-A7AC-4DABA4C0C0BB}.Debug|Any CPU.ActiveCfg = Debug|Any CPU
		{E8E3074D-05AE-4704-A7AC-4DABA4C0C0BB}.Debug|Any CPU.Build.0 = Debug|Any CPU
		{E8E3074D-05AE-4704-A7AC-4DABA4C0C0BB}.Release|Any CPU.ActiveCfg = Release|Any CPU
		{E8E3074D-05AE-4704-A7AC-4DABA4C0C0BB}.Release|Any CPU.Build.0 = Release|Any CPU
		{9FB590AF-6E49-493A-A4C7-D43134DBE0B9}.Debug|Any CPU.ActiveCfg = Debug|Any CPU
		{9FB590AF-6E49-493A-A4C7-D43134DBE0B9}.Debug|Any CPU.Build.0 = Debug|Any CPU
		{9FB590AF-6E49-493A-A4C7-D43134DBE0B9}.Release|Any CPU.ActiveCfg = Release|Any CPU
		{9FB590AF-6E49-493A-A4C7-D43134DBE0B9}.Release|Any CPU.Build.0 = Release|Any CPU
		{28B6EFC8-AE5E-479F-AA53-E908B058CDD6}.Debug|Any CPU.ActiveCfg = Debug|Any CPU
		{28B6EFC8-AE5E-479F-AA53-E908B058CDD6}.Debug|Any CPU.Build.0 = Debug|Any CPU
		{28B6EFC8-AE5E-479F-AA53-E908B058CDD6}.Release|Any CPU.ActiveCfg = Release|Any CPU
		{28B6EFC8-AE5E-479F-AA53-E908B058CDD6}.Release|Any CPU.Build.0 = Release|Any CPU
		{D657834A-0909-4E86-95A2-BDC9E24D7860}.Debug|Any CPU.ActiveCfg = Debug|Any CPU
		{D657834A-0909-4E86-95A2-BDC9E24D7860}.Debug|Any CPU.Build.0 = Debug|Any CPU
		{D657834A-0909-4E86-95A2-BDC9E24D7860}.Release|Any CPU.ActiveCfg = Release|Any CPU
		{D657834A-0909-4E86-95A2-BDC9E24D7860}.Release|Any CPU.Build.0 = Release|Any CPU
		{660AA8B9-2619-4C80-8594-70835F5B5525}.Debug|Any CPU.ActiveCfg = Debug|Any CPU
		{660AA8B9-2619-4C80-8594-70835F5B5525}.Debug|Any CPU.Build.0 = Debug|Any CPU
		{660AA8B9-2619-4C80-8594-70835F5B5525}.Release|Any CPU.ActiveCfg = Release|Any CPU
		{660AA8B9-2619-4C80-8594-70835F5B5525}.Release|Any CPU.Build.0 = Release|Any CPU
		{16DBEB78-DF41-47B7-8187-8C6A280DD000}.Debug|Any CPU.ActiveCfg = Debug|Any CPU
		{16DBEB78-DF41-47B7-8187-8C6A280DD000}.Debug|Any CPU.Build.0 = Debug|Any CPU
		{16DBEB78-DF41-47B7-8187-8C6A280DD000}.Release|Any CPU.ActiveCfg = Release|Any CPU
		{16DBEB78-DF41-47B7-8187-8C6A280DD000}.Release|Any CPU.Build.0 = Release|Any CPU
		{F3CAFBB5-A267-40C6-A8F7-5ECF794E4820}.Debug|Any CPU.ActiveCfg = Debug|Any CPU
		{F3CAFBB5-A267-40C6-A8F7-5ECF794E4820}.Debug|Any CPU.Build.0 = Debug|Any CPU
		{F3CAFBB5-A267-40C6-A8F7-5ECF794E4820}.Release|Any CPU.ActiveCfg = Release|Any CPU
		{F3CAFBB5-A267-40C6-A8F7-5ECF794E4820}.Release|Any CPU.Build.0 = Release|Any CPU
		{C7E03F3C-7BCA-4C4E-8FE0-C57A177B4345}.Debug|Any CPU.ActiveCfg = Debug|Any CPU
		{C7E03F3C-7BCA-4C4E-8FE0-C57A177B4345}.Debug|Any CPU.Build.0 = Debug|Any CPU
		{C7E03F3C-7BCA-4C4E-8FE0-C57A177B4345}.Release|Any CPU.ActiveCfg = Release|Any CPU
		{C7E03F3C-7BCA-4C4E-8FE0-C57A177B4345}.Release|Any CPU.Build.0 = Release|Any CPU
		{1169B592-F1B6-4F4B-AB2D-32BC94D5C8E8}.Debug|Any CPU.ActiveCfg = Debug|Any CPU
		{1169B592-F1B6-4F4B-AB2D-32BC94D5C8E8}.Debug|Any CPU.Build.0 = Debug|Any CPU
		{1169B592-F1B6-4F4B-AB2D-32BC94D5C8E8}.Release|Any CPU.ActiveCfg = Release|Any CPU
		{1169B592-F1B6-4F4B-AB2D-32BC94D5C8E8}.Release|Any CPU.Build.0 = Release|Any CPU
		{2DE1C616-2093-45DD-B6A9-036BDE53BDB7}.Debug|Any CPU.ActiveCfg = Debug|Any CPU
		{2DE1C616-2093-45DD-B6A9-036BDE53BDB7}.Debug|Any CPU.Build.0 = Debug|Any CPU
		{2DE1C616-2093-45DD-B6A9-036BDE53BDB7}.Release|Any CPU.ActiveCfg = Release|Any CPU
		{2DE1C616-2093-45DD-B6A9-036BDE53BDB7}.Release|Any CPU.Build.0 = Release|Any CPU
		{281E751D-BF4C-4D61-8B65-5C6BC927345E}.Debug|Any CPU.ActiveCfg = Debug|Any CPU
		{281E751D-BF4C-4D61-8B65-5C6BC927345E}.Debug|Any CPU.Build.0 = Debug|Any CPU
		{281E751D-BF4C-4D61-8B65-5C6BC927345E}.Release|Any CPU.ActiveCfg = Release|Any CPU
		{281E751D-BF4C-4D61-8B65-5C6BC927345E}.Release|Any CPU.Build.0 = Release|Any CPU
		{E8832213-E614-4749-9A39-B20A1612A7C5}.Debug|Any CPU.ActiveCfg = Debug|Any CPU
		{E8832213-E614-4749-9A39-B20A1612A7C5}.Debug|Any CPU.Build.0 = Debug|Any CPU
		{E8832213-E614-4749-9A39-B20A1612A7C5}.Release|Any CPU.ActiveCfg = Release|Any CPU
		{E8832213-E614-4749-9A39-B20A1612A7C5}.Release|Any CPU.Build.0 = Release|Any CPU
		{FF14EC38-292A-422C-9058-995826F039F3}.Debug|Any CPU.ActiveCfg = Debug|Any CPU
		{FF14EC38-292A-422C-9058-995826F039F3}.Debug|Any CPU.Build.0 = Debug|Any CPU
		{FF14EC38-292A-422C-9058-995826F039F3}.Release|Any CPU.ActiveCfg = Release|Any CPU
		{FF14EC38-292A-422C-9058-995826F039F3}.Release|Any CPU.Build.0 = Release|Any CPU
	EndGlobalSection
	GlobalSection(SolutionProperties) = preSolution
		HideSolutionNode = FALSE
	EndGlobalSection
	GlobalSection(NestedProjects) = preSolution
		{CF6F44D9-B469-4F5D-82EB-B03DD9116761} = {7FDA9F43-F32E-4548-8419-95608E97FC54}
		{A0010AAF-61D6-45F8-91D7-02DA037F135F} = {3FD0457F-1D5E-47D9-BE18-B6A001A5EF94}
		{EB9F0CF0-E7D9-4C81-B862-1C23F1AD9F8A} = {3FD0457F-1D5E-47D9-BE18-B6A001A5EF94}
		{C0DCF544-2F5E-4681-BC89-1A9C7430D89B} = {97E05380-7DBB-493B-983C-61BD47E41962}
		{822D2DED-B6C2-431B-8F20-6578E0E1FE0F} = {7FDA9F43-F32E-4548-8419-95608E97FC54}
		{3889A6D8-2104-4ED9-93E2-58B2903AA01D} = {97E05380-7DBB-493B-983C-61BD47E41962}
		{0B4CAE14-A888-4031-817A-B4E925496DBC} = {7FDA9F43-F32E-4548-8419-95608E97FC54}
		{43455496-9188-44ED-ACB4-1A4416013E45} = {7FDA9F43-F32E-4548-8419-95608E97FC54}
		{C52C2BEC-7661-46C1-8F54-08E584A37B3A} = {7FDA9F43-F32E-4548-8419-95608E97FC54}
		{A3FEF68B-C2C0-415B-81BF-89B91888A4A3} = {3FD0457F-1D5E-47D9-BE18-B6A001A5EF94}
		{E8E3074D-05AE-4704-A7AC-4DABA4C0C0BB} = {97E05380-7DBB-493B-983C-61BD47E41962}
		{9FB590AF-6E49-493A-A4C7-D43134DBE0B9} = {7FDA9F43-F32E-4548-8419-95608E97FC54}
		{28B6EFC8-AE5E-479F-AA53-E908B058CDD6} = {97E05380-7DBB-493B-983C-61BD47E41962}
		{D657834A-0909-4E86-95A2-BDC9E24D7860} = {3FD0457F-1D5E-47D9-BE18-B6A001A5EF94}
		{660AA8B9-2619-4C80-8594-70835F5B5525} = {3FD0457F-1D5E-47D9-BE18-B6A001A5EF94}
		{16DBEB78-DF41-47B7-8187-8C6A280DD000} = {3FD0457F-1D5E-47D9-BE18-B6A001A5EF94}
		{F3CAFBB5-A267-40C6-A8F7-5ECF794E4820} = {3FD0457F-1D5E-47D9-BE18-B6A001A5EF94}
		{C7E03F3C-7BCA-4C4E-8FE0-C57A177B4345} = {97E05380-7DBB-493B-983C-61BD47E41962}
		{1169B592-F1B6-4F4B-AB2D-32BC94D5C8E8} = {97E05380-7DBB-493B-983C-61BD47E41962}
		{2DE1C616-2093-45DD-B6A9-036BDE53BDB7} = {3FD0457F-1D5E-47D9-BE18-B6A001A5EF94}
		{281E751D-BF4C-4D61-8B65-5C6BC927345E} = {7FDA9F43-F32E-4548-8419-95608E97FC54}
		{E8832213-E614-4749-9A39-B20A1612A7C5} = {7FDA9F43-F32E-4548-8419-95608E97FC54}
	EndGlobalSection
	GlobalSection(ExtensibilityGlobals) = postSolution
		SolutionGuid = {147658A9-B8C4-4AB0-BDF8-BB36FB6C657E}
	EndGlobalSection
EndGlobal
