
Microsoft Visual Studio Solution File, Format Version 12.00
# Visual Studio Version 17
VisualStudioVersion = 17.2.32616.157
MinimumVisualStudioVersion = 10.0.40219.1
Project("{9A19103F-16F7-4668-BE54-9A1E7A4F7556}") = "Login", "Login\Login.csproj", "{CF6F44D9-B469-4F5D-82EB-B03DD9116761}"
EndProject
Project("{9A19103F-16F7-4668-BE54-9A1E7A4F7556}") = "Dashboard.SocialMediaInfo", "Dashboard.SocialMediaInfo\Dashboard.SocialMediaInfo.csproj", "{A0010AAF-61D6-45F8-91D7-02DA037F135F}"
EndProject
Project("{9A19103F-16F7-4668-BE54-9A1E7A4F7556}") = "Dashboard.WalletPayment", "Dashboard.WalletPayment\Dashboard.WalletPayment.csproj", "{EB9F0CF0-E7D9-4C81-B862-1C23F1AD9F8A}"
EndProject
Project("{9A19103F-16F7-4668-BE54-9A1E7A4F7556}") = "CalendarApp", "CalendarApp\CalendarApp.csproj", "{C0DCF544-2F5E-4681-BC89-1A9C7430D89B}"
EndProject
Project("{9A19103F-16F7-4668-BE54-9A1E7A4F7556}") = "ResponsiveInstagramApp", "ResponsiveInstagramApp\ResponsiveInstagramApp.csproj", "{822D2DED-B6C2-431B-8F20-6578E0E1FE0F}"
EndProject
Project("{9A19103F-16F7-4668-BE54-9A1E7A4F7556}") = "WeatherApp", "WeatherApp\WeatherApp.csproj", "{3889A6D8-2104-4ED9-93E2-58B2903AA01D}"
EndProject
Project("{9A19103F-16F7-4668-BE54-9A1E7A4F7556}") = "RegistraionPage", "RegistraionPage\RegistraionPage.csproj", "{0B4CAE14-A888-4031-817A-B4E925496DBC}"
EndProject
Project("{9A19103F-16F7-4668-BE54-9A1E7A4F7556}") = "FlatShoppingCart", "FlatShoppingCart\FlatShoppingCart.csproj", "{43455496-9188-44ED-ACB4-1A4416013E45}"
EndProject
Project("{9A19103F-16F7-4668-BE54-9A1E7A4F7556}") = "AdminPanel", "AdminPanel\AdminPanel.csproj", "{C52C2BEC-7661-46C1-8F54-08E584A37B3A}"
EndProject
Project("{9A19103F-16F7-4668-BE54-9A1E7A4F7556}") = "FlatSkillDashboard", "FlatSkillDashboard\FlatSkillDashboard.csproj", "{A3FEF68B-C2C0-415B-81BF-89B91888A4A3}"
EndProject
Project("{9A19103F-16F7-4668-BE54-9A1E7A4F7556}") = "SmartHomeApp", "SmartHomeApp\SmartHomeApp.csproj", "{E8E3074D-05AE-4704-A7AC-4DABA4C0C0BB}"
EndProject
Project("{9A19103F-16F7-4668-BE54-9A1E7A4F7556}") = "SingUpFrombyMaterialDesignToolkit", "SingUpFrombyMaterialDesignlToolkit\SingUpFrombyMaterialDesignToolkit.csproj", "{9FB590AF-6E49-493A-A4C7-D43134DBE0B9}"
EndProject
Project("{9A19103F-16F7-4668-BE54-9A1E7A4F7556}") = "ChatMessageApp", "ChatMessageApp\ChatMessageApp.csproj", "{28B6EFC8-AE5E-479F-AA53-E908B058CDD6}"
EndProject
Project("{9A19103F-16F7-4668-BE54-9A1E7A4F7556}") = "Dashboard.Recruitment", "Dashboard.Recruitment\Dashboard.Recruitment.csproj", "{D657834A-0909-4E86-95A2-BDC9E24D7860}"
EndProject
Project("{FAE04EC0-301F-11D3-BF4B-00C04F79EFBC}") = "Dashborad.InputForm", "Dashborad.InputForm\Dashborad.InputForm.csproj", "{660AA8B9-2619-4C80-8594-70835F5B5525}"
EndProject
Global
	GlobalSection(SolutionConfigurationPlatforms) = preSolution
		Debug|Any CPU = Debug|Any CPU
		Release|Any CPU = Release|Any CPU
	EndGlobalSection
	GlobalSection(ProjectConfigurationPlatforms) = postSolution
		{CF6F44D9-B469-4F5D-82EB-B03DD9116761}.Debug|Any CPU.ActiveCfg = Debug|Any CPU
		{CF6F44D9-B469-4F5D-82EB-B03DD9116761}.Debug|Any CPU.Build.0 = Debug|Any CPU
		{CF6F44D9-B469-4F5D-82EB-B03DD9116761}.Release|Any CPU.ActiveCfg = Release|Any CPU
		{CF6F44D9-B469-4F5D-82EB-B03DD9116761}.Release|Any CPU.Build.0 = Release|Any CPU
		{A0010AAF-61D6-45F8-91D7-02DA037F135F}.Debug|Any CPU.ActiveCfg = Debug|Any CPU
		{A0010AAF-61D6-45F8-91D7-02DA037F135F}.Debug|Any CPU.Build.0 = Debug|Any CPU
		{A0010AAF-61D6-45F8-91D7-02DA037F135F}.Release|Any CPU.ActiveCfg = Release|Any CPU
		{A0010AAF-61D6-45F8-91D7-02DA037F135F}.Release|Any CPU.Build.0 = Release|Any CPU
		{EB9F0CF0-E7D9-4C81-B862-1C23F1AD9F8A}.Debug|Any CPU.ActiveCfg = Debug|Any CPU
		{EB9F0CF0-E7D9-4C81-B862-1C23F1AD9F8A}.Debug|Any CPU.Build.0 = Debug|Any CPU
		{EB9F0CF0-E7D9-4C81-B862-1C23F1AD9F8A}.Release|Any CPU.ActiveCfg = Release|Any CPU
		{EB9F0CF0-E7D9-4C81-B862-1C23F1AD9F8A}.Release|Any CPU.Build.0 = Release|Any CPU
		{C0DCF544-2F5E-4681-BC89-1A9C7430D89B}.Debug|Any CPU.ActiveCfg = Debug|Any CPU
		{C0DCF544-2F5E-4681-BC89-1A9C7430D89B}.Debug|Any CPU.Build.0 = Debug|Any CPU
		{C0DCF544-2F5E-4681-BC89-1A9C7430D89B}.Release|Any CPU.ActiveCfg = Release|Any CPU
		{C0DCF544-2F5E-4681-BC89-1A9C7430D89B}.Release|Any CPU.Build.0 = Release|Any CPU
		{822D2DED-B6C2-431B-8F20-6578E0E1FE0F}.Debug|Any CPU.ActiveCfg = Debug|Any CPU
		{822D2DED-B6C2-431B-8F20-6578E0E1FE0F}.Debug|Any CPU.Build.0 = Debug|Any CPU
		{822D2DED-B6C2-431B-8F20-6578E0E1FE0F}.Release|Any CPU.ActiveCfg = Release|Any CPU
		{822D2DED-B6C2-431B-8F20-6578E0E1FE0F}.Release|Any CPU.Build.0 = Release|Any CPU
		{3889A6D8-2104-4ED9-93E2-58B2903AA01D}.Debug|Any CPU.ActiveCfg = Debug|Any CPU
		{3889A6D8-2104-4ED9-93E2-58B2903AA01D}.Debug|Any CPU.Build.0 = Debug|Any CPU
		{3889A6D8-2104-4ED9-93E2-58B2903AA01D}.Release|Any CPU.ActiveCfg = Release|Any CPU
		{3889A6D8-2104-4ED9-93E2-58B2903AA01D}.Release|Any CPU.Build.0 = Release|Any CPU
		{0B4CAE14-A888-4031-817A-B4E925496DBC}.Debug|Any CPU.ActiveCfg = Debug|Any CPU
		{0B4CAE14-A888-4031-817A-B4E925496DBC}.Debug|Any CPU.Build.0 = Debug|Any CPU
		{0B4CAE14-A888-4031-817A-B4E925496DBC}.Release|Any CPU.ActiveCfg = Release|Any CPU
		{0B4CAE14-A888-4031-817A-B4E925496DBC}.Release|Any CPU.Build.0 = Release|Any CPU
		{43455496-9188-44ED-ACB4-1A4416013E45}.Debug|Any CPU.ActiveCfg = Debug|Any CPU
		{43455496-9188-44ED-ACB4-1A4416013E45}.Debug|Any CPU.Build.0 = Debug|Any CPU
		{43455496-9188-44ED-ACB4-1A4416013E45}.Release|Any CPU.ActiveCfg = Release|Any CPU
		{43455496-9188-44ED-ACB4-1A4416013E45}.Release|Any CPU.Build.0 = Release|Any CPU
		{C52C2BEC-7661-46C1-8F54-08E584A37B3A}.Debug|Any CPU.ActiveCfg = Debug|Any CPU
		{C52C2BEC-7661-46C1-8F54-08E584A37B3A}.Debug|Any CPU.Build.0 = Debug|Any CPU
		{C52C2BEC-7661-46C1-8F54-08E584A37B3A}.Release|Any CPU.ActiveCfg = Release|Any CPU
		{C52C2BEC-7661-46C1-8F54-08E584A37B3A}.Release|Any CPU.Build.0 = Release|Any CPU
		{A3FEF68B-C2C0-415B-81BF-89B91888A4A3}.Debug|Any CPU.ActiveCfg = Debug|Any CPU
		{A3FEF68B-C2C0-415B-81BF-89B91888A4A3}.Debug|Any CPU.Build.0 = Debug|Any CPU
		{A3FEF68B-C2C0-415B-81BF-89B91888A4A3}.Release|Any CPU.ActiveCfg = Release|Any CPU
		{A3FEF68B-C2C0-415B-81BF-89B91888A4A3}.Release|Any CPU.Build.0 = Release|Any CPU
		{E8E3074D-05AE-4704-A7AC-4DABA4C0C0BB}.Debug|Any CPU.ActiveCfg = Debug|Any CPU
		{E8E3074D-05AE-4704-A7AC-4DABA4C0C0BB}.Debug|Any CPU.Build.0 = Debug|Any CPU
		{E8E3074D-05AE-4704-A7AC-4DABA4C0C0BB}.Release|Any CPU.ActiveCfg = Release|Any CPU
		{E8E3074D-05AE-4704-A7AC-4DABA4C0C0BB}.Release|Any CPU.Build.0 = Release|Any CPU
		{9FB590AF-6E49-493A-A4C7-D43134DBE0B9}.Debug|Any CPU.ActiveCfg = Debug|Any CPU
		{9FB590AF-6E49-493A-A4C7-D43134DBE0B9}.Debug|Any CPU.Build.0 = Debug|Any CPU
		{9FB590AF-6E49-493A-A4C7-D43134DBE0B9}.Release|Any CPU.ActiveCfg = Release|Any CPU
		{9FB590AF-6E49-493A-A4C7-D43134DBE0B9}.Release|Any CPU.Build.0 = Release|Any CPU
		{28B6EFC8-AE5E-479F-AA53-E908B058CDD6}.Debug|Any CPU.ActiveCfg = Debug|Any CPU
		{28B6EFC8-AE5E-479F-AA53-E908B058CDD6}.Debug|Any CPU.Build.0 = Debug|Any CPU
		{28B6EFC8-AE5E-479F-AA53-E908B058CDD6}.Release|Any CPU.ActiveCfg = Release|Any CPU
		{28B6EFC8-AE5E-479F-AA53-E908B058CDD6}.Release|Any CPU.Build.0 = Release|Any CPU
		{D657834A-0909-4E86-95A2-BDC9E24D7860}.Debug|Any CPU.ActiveCfg = Debug|Any CPU
		{D657834A-0909-4E86-95A2-BDC9E24D7860}.Debug|Any CPU.Build.0 = Debug|Any CPU
		{D657834A-0909-4E86-95A2-BDC9E24D7860}.Release|Any CPU.ActiveCfg = Release|Any CPU
		{D657834A-0909-4E86-95A2-BDC9E24D7860}.Release|Any CPU.Build.0 = Release|Any CPU
		{660AA8B9-2619-4C80-8594-70835F5B5525}.Debug|Any CPU.ActiveCfg = Debug|Any CPU
		{660AA8B9-2619-4C80-8594-70835F5B5525}.Debug|Any CPU.Build.0 = Debug|Any CPU
		{660AA8B9-2619-4C80-8594-70835F5B5525}.Release|Any CPU.ActiveCfg = Release|Any CPU
		{660AA8B9-2619-4C80-8594-70835F5B5525}.Release|Any CPU.Build.0 = Release|Any CPU
	EndGlobalSection
	GlobalSection(SolutionProperties) = preSolution
		HideSolutionNode = FALSE
	EndGlobalSection
	GlobalSection(ExtensibilityGlobals) = postSolution
		SolutionGuid = {147658A9-B8C4-4AB0-BDF8-BB36FB6C657E}
	EndGlobalSection
EndGlobal
