
Microsoft Visual Studio Solution File, Format Version 12.00
# Visual Studio Version 17
VisualStudioVersion = 17.2.32616.157
MinimumVisualStudioVersion = 10.0.40219.1
Project("{FAE04EC0-301F-11D3-BF4B-00C04F79EFBC}") = "Login", "Login\Login.csproj", "{CF6F44D9-B469-4F5D-82EB-B03DD9116761}"
EndProject
Project("{FAE04EC0-301F-11D3-BF4B-00C04F79EFBC}") = "Dashboard.SocialMediaInfo", "Dashboard.SocialMediaInfo\Dashboard.SocialMediaInfo.csproj", "{A0010AAF-61D6-45F8-91D7-02DA037F135F}"
EndProject
Project("{FAE04EC0-301F-11D3-BF4B-00C04F79EFBC}") = "Dashboard.WalletPayment", "Dashboard.WalletPayment\Dashboard.WalletPayment.csproj", "{EB9F0CF0-E7D9-4C81-B862-1C23F1AD9F8A}"
EndProject
Project("{FAE04EC0-301F-11D3-BF4B-00C04F79EFBC}") = "CalendarApp", "CalendarApp\CalendarApp.csproj", "{C0DCF544-2F5E-4681-BC89-1A9C7430D89B}"
EndProject
Project("{FAE04EC0-301F-11D3-BF4B-00C04F79EFBC}") = "ResponsiveInstagramApp", "ResponsiveInstagramApp\ResponsiveInstagramApp.csproj", "{822D2DED-B6C2-431B-8F20-6578E0E1FE0F}"
EndProject
Global
	GlobalSection(SolutionConfigurationPlatforms) = preSolution
		Debug|Any CPU = Debug|Any CPU
		Release|Any CPU = Release|Any CPU
	EndGlobalSection
	GlobalSection(ProjectConfigurationPlatforms) = postSolution
		{CF6F44D9-B469-4F5D-82EB-B03DD9116761}.Debug|Any CPU.ActiveCfg = Debug|Any CPU
		{CF6F44D9-B469-4F5D-82EB-B03DD9116761}.Debug|Any CPU.Build.0 = Debug|Any CPU
		{CF6F44D9-B469-4F5D-82EB-B03DD9116761}.Release|Any CPU.ActiveCfg = Release|Any CPU
		{CF6F44D9-B469-4F5D-82EB-B03DD9116761}.Release|Any CPU.Build.0 = Release|Any CPU
		{A0010AAF-61D6-45F8-91D7-02DA037F135F}.Debug|Any CPU.ActiveCfg = Debug|Any CPU
		{A0010AAF-61D6-45F8-91D7-02DA037F135F}.Debug|Any CPU.Build.0 = Debug|Any CPU
		{A0010AAF-61D6-45F8-91D7-02DA037F135F}.Release|Any CPU.ActiveCfg = Release|Any CPU
		{A0010AAF-61D6-45F8-91D7-02DA037F135F}.Release|Any CPU.Build.0 = Release|Any CPU
		{EB9F0CF0-E7D9-4C81-B862-1C23F1AD9F8A}.Debug|Any CPU.ActiveCfg = Debug|Any CPU
		{EB9F0CF0-E7D9-4C81-B862-1C23F1AD9F8A}.Debug|Any CPU.Build.0 = Debug|Any CPU
		{EB9F0CF0-E7D9-4C81-B862-1C23F1AD9F8A}.Release|Any CPU.ActiveCfg = Release|Any CPU
		{EB9F0CF0-E7D9-4C81-B862-1C23F1AD9F8A}.Release|Any CPU.Build.0 = Release|Any CPU
		{C0DCF544-2F5E-4681-BC89-1A9C7430D89B}.Debug|Any CPU.ActiveCfg = Debug|Any CPU
		{C0DCF544-2F5E-4681-BC89-1A9C7430D89B}.Debug|Any CPU.Build.0 = Debug|Any CPU
		{C0DCF544-2F5E-4681-BC89-1A9C7430D89B}.Release|Any CPU.ActiveCfg = Release|Any CPU
		{C0DCF544-2F5E-4681-BC89-1A9C7430D89B}.Release|Any CPU.Build.0 = Release|Any CPU
		{822D2DED-B6C2-431B-8F20-6578E0E1FE0F}.Debug|Any CPU.ActiveCfg = Debug|Any CPU
		{822D2DED-B6C2-431B-8F20-6578E0E1FE0F}.Debug|Any CPU.Build.0 = Debug|Any CPU
		{822D2DED-B6C2-431B-8F20-6578E0E1FE0F}.Release|Any CPU.ActiveCfg = Release|Any CPU
		{822D2DED-B6C2-431B-8F20-6578E0E1FE0F}.Release|Any CPU.Build.0 = Release|Any CPU
	EndGlobalSection
	GlobalSection(SolutionProperties) = preSolution
		HideSolutionNode = FALSE
	EndGlobalSection
	GlobalSection(ExtensibilityGlobals) = postSolution
		SolutionGuid = {147658A9-B8C4-4AB0-BDF8-BB36FB6C657E}
	EndGlobalSection
EndGlobal
